{
  "name": "LiveDesk",
  "lockfileVersion": 3,
  "requires": true,
  "packages": {
    "": {
      "dependencies": {
        "limityourapi": "^1.0.0"
      }
    },
    "node_modules/limityourapi": {
      "version": "1.0.0",
      "resolved": "https://registry.npmjs.org/limityourapi/-/limityourapi-1.0.0.tgz",
      "integrity": "sha512-X+SLQHnykOQvW3w8ZEcrZGqdBxcHoajDjlo/4E5hY1U5eTTR7F5BVTp4YC82yrHbDHQ75zeo+MkD3+x6IPrDew==",
      "license": "MIT",
      "engines": {
        "node": ">=18.0.0"
      }
    }
  }
}
